// !$*UTF8*$!
{
	archiveVersion = 1;
	classes = {
	};
	objectVersion = 77;
	objects = {

/* Begin PBXContainerItemProxy section */
		26D0C0002FF7BEBC00982F82 /* PBXContainerItemProxy */ = {
			isa = PBXContainerItemProxy;
			containerPortal = 26D0BFEA2FF7BEBB00982F82 /* Project object */;
			proxyType = 1;
			remoteGlobalIDString = 26D0BFF12FF7BEBB00982F82;
			remoteInfo = CoffeeCatalog;
		};
		26D0C00A2FF7BEBC00982F82 /* PBXContainerItemProxy */ = {
			isa = PBXContainerItemProxy;
			containerPortal = 26D0BFEA2FF7BEBB00982F82 /* Project object */;
			proxyType = 1;
			remoteGlobalIDString = 26D0BFF12FF7BEBB00982F82;
			remoteInfo = CoffeeCatalog;
		};
/* End PBXContainerItemProxy section */

/* Begin PBXFileReference section */
		26D0BFF22FF7BEBB00982F82 /* CoffeeCatalog.app */ = {isa = PBXFileReference; explicitFileType = wrapper.application; includeInIndex = 0; path = CoffeeCatalog.app; sourceTree = BUILT_PRODUCTS_DIR; };
		26D0BFFF2FF7BEBC00982F82 /* CoffeeCatalogTests.xctest */ = {isa = PBXFileReference; explicitFileType = wrapper.cfbundle; includeInIndex = 0; path = CoffeeCatalogTests.xctest; sourceTree = BUILT_PRODUCTS_DIR; };
		26D0C0092FF7BEBC00982F82 /* CoffeeCatalogUITests.xctest */ = {isa = PBXFileReference; explicitFileType = wrapper.cfbundle; includeInIndex = 0; path = CoffeeCatalogUITests.xctest; sourceTree = BUILT_PRODUCTS_DIR; };
/* End PBXFileReference section */

/* Begin PBXFileSystemSynchronizedRootGroup section */
		26D0BFF42FF7BEBB00982F82 /* CoffeeCatalog */ = {
			isa = PBXFileSystemSynchronizedRootGroup;
			path = CoffeeCatalog;
			sourceTree = "<group>";
		};
		26D0C0022FF7BEBC00982F82 /* CoffeeCatalogTests */ = {
			isa = PBXFileSystemSynchronizedRootGroup;
			path = CoffeeCatalogTests;
			sourceTree = "<group>";
		};
		26D0C00C2FF7BEBC00982F82 /* CoffeeCatalogUITests */ = {
			isa = PBXFileSystemSynchronizedRootGroup;
			path = CoffeeCatalogUITests;
			sourceTree = "<group>";
		};
/* End PBXFileSystemSynchronizedRootGroup section */

/* Begin PBXFrameworksBuildPhase section */
		26D0BFEF2FF7BEBB00982F82 /* Frameworks */ = {
			isa = PBXFrameworksBuildPhase;
			buildActionMask = 2147483647;
			files = (
			);
			runOnlyForDeploymentPostprocessing = 0;
		};
		26D0BFFC2FF7BEBC00982F82 /* Frameworks */ = {
			isa = PBXFrameworksBuildPhase;
			buildActionMask = 2147483647;
			files = (
			);
			runOnlyForDeploymentPostprocessing = 0;
		};
		26D0C0062FF7BEBC00982F82 /* Frameworks */ = {
			isa = PBXFrameworksBuildPhase;
			buildActionMask = 2147483647;
			files = (
			);
			runOnlyForDeploymentPostprocessing = 0;
		};
/* End PBXFrameworksBuildPhase section */

/* Begin PBXGroup section */
		26D0BFE92FF7BEBB00982F82 = {
			isa = PBXGroup;
			children = (
				26D0BFF42FF7BEBB00982F82 /* CoffeeCatalog */,
				26D0C0022FF7BEBC00982F82 /* CoffeeCatalogTests */,
				26D0C00C2FF7BEBC00982F82 /* CoffeeCatalogUITests */,
				26D0BFF32FF7BEBB00982F82 /* Products */,
			);
			sourceTree = "<group>";
		};
		26D0BFF32FF7BEBB00982F82 /* Products */ = {
			isa = PBXGroup;
			children = (
				26D0BFF22FF7BEBB00982F82 /* CoffeeCatalog.app */,
				26D0BFFF2FF7BEBC00982F82 /* CoffeeCatalogTests.xctest */,
				26D0C0092FF7BEBC00982F82 /* CoffeeCatalogUITests.xctest */,
			);
			name = Products;
			sourceTree = "<group>";
		};
/* End PBXGroup section */

/* Begin PBXNativeTarget section */
		26D0BFF12FF7BEBB00982F82 /* CoffeeCatalog */ = {
			isa = PBXNativeTarget;
			buildConfigurationList = 26D0C0132FF7BEBC00982F82 /* Build configuration list for PBXNativeTarget "CoffeeCatalog" */;
			buildPhases = (
				26D0BFEE2FF7BEBB00982F82 /* Sources */,
				26D0BFEF2FF7BEBB00982F82 /* Frameworks */,
				26D0BFF02FF7BEBB00982F82 /* Resources */,
			);
			buildRules = (
			);
			dependencies = (
			);
			fileSystemSynchronizedGroups = (
				26D0BFF42FF7BEBB00982F82 /* CoffeeCatalog */,
			);
			name = CoffeeCatalog;
			packageProductDependencies = (
			);
			productName = CoffeeCatalog;
			productReference = 26D0BFF22FF7BEBB00982F82 /* CoffeeCatalog.app */;
			productType = "com.apple.product-type.application";
		};
		26D0BFFE2FF7BEBC00982F82 /* CoffeeCatalogTests */ = {
			isa = PBXNativeTarget;
			buildConfigurationList = 26D0C0162FF7BEBC00982F82 /* Build configuration list for PBXNativeTarget "CoffeeCatalogTests" */;
			buildPhases = (
				26D0BFFB2FF7BEBC00982F82 /* Sources */,
				26D0BFFC2FF7BEBC00982F82 /* Frameworks */,
				26D0BFFD2FF7BEBC00982F82 /* Resources */,
			);
			buildRules = (
			);
			dependencies = (
				26D0C0012FF7BEBC00982F82 /* PBXTargetDependency */,
			);
			fileSystemSynchronizedGroups = (
				26D0C0022FF7BEBC00982F82 /* CoffeeCatalogTests */,
			);
			name = CoffeeCatalogTests;
			packageProductDependencies = (
			);
			productName = CoffeeCatalogTests;
			productReference = 26D0BFFF2FF7BEBC00982F82 /* CoffeeCatalogTests.xctest */;
			productType = "com.apple.product-type.bundle.unit-test";
		};
		26D0C0082FF7BEBC00982F82 /* CoffeeCatalogUITests */ = {
			isa = PBXNativeTarget;
			buildConfigurationList = 26D0C0192FF7BEBC00982F82 /* Build configuration list for PBXNativeTarget "CoffeeCatalogUITests" */;
			buildPhases = (
				26D0C0052FF7BEBC00982F82 /* Sources */,
				26D0C0062FF7BEBC00982F82 /* Frameworks */,
				26D0C0072FF7BEBC00982F82 /* Resources */,
			);
			buildRules = (
			);
			dependencies = (
				26D0C00B2FF7BEBC00982F82 /* PBXTargetDependency */,
			);
			fileSystemSynchronizedGroups = (
				26D0C00C2FF7BEBC00982F82 /* CoffeeCatalogUITests */,
			);
			name = CoffeeCatalogUITests;
			packageProductDependencies = (
			);
			productName = CoffeeCatalogUITests;
			productReference = 26D0C0092FF7BEBC00982F82 /* CoffeeCatalogUITests.xctest */;
			productType = "com.apple.product-type.bundle.ui-testing";
		};
/* End PBXNativeTarget section */

/* Begin PBXProject section */
		26D0BFEA2FF7BEBB00982F82 /* Project object */ = {
			isa = PBXProject;
			attributes = {
				BuildIndependentTargetsInParallel = 1;
				LastSwiftUpdateCheck = 2650;
				LastUpgradeCheck = 2650;
				TargetAttributes = {
					26D0BFF12FF7BEBB00982F82 = {
						CreatedOnToolsVersion = 26.5;
					};
					26D0BFFE2FF7BEBC00982F82 = {
						CreatedOnToolsVersion = 26.5;
						TestTargetID = 26D0BFF12FF7BEBB00982F82;
					};
					26D0C0082FF7BEBC00982F82 = {
						CreatedOnToolsVersion = 26.5;
						TestTargetID = 26D0BFF12FF7BEBB00982F82;
					};
				};
			};
			buildConfigurationList = 26D0BFED2FF7BEBB00982F82 /* Build configuration list for PBXProject "CoffeeCatalog" */;
			developmentRegion = en;
			hasScannedForEncodings = 0;
			knownRegions = (
				en,
				Base,
			);
			mainGroup = 26D0BFE92FF7BEBB00982F82;
			minimizedProjectReferenceProxies = 1;
			preferredProjectObjectVersion = 77;
			productRefGroup = 26D0BFF32FF7BEBB00982F82 /* Products */;
			projectDirPath = "";
			projectRoot = "";
			targets = (
				26D0BFF12FF7BEBB00982F82 /* CoffeeCatalog */,
				26D0BFFE2FF7BEBC00982F82 /* CoffeeCatalogTests */,
				26D0C0082FF7BEBC00982F82 /* CoffeeCatalogUITests */,
			);
		};
/* End PBXProject section */

/* Begin PBXResourcesBuildPhase section */
		26D0BFF02FF7BEBB00982F82 /* Resources */ = {
			isa = PBXResourcesBuildPhase;
			buildActionMask = 2147483647;
			files = (
			);
			runOnlyForDeploymentPostprocessing = 0;
		};
		26D0BFFD2FF7BEBC00982F82 /* Resources */ = {
			isa = PBXResourcesBuildPhase;
			buildActionMask = 2147483647;
			files = (
			);
			runOnlyForDeploymentPostprocessing = 0;
		};
		26D0C0072FF7BEBC00982F82 /* Resources */ = {
			isa = PBXResourcesBuildPhase;
			buildActionMask = 2147483647;
			files = (
			);
			runOnlyForDeploymentPostprocessing = 0;
		};
/* End PBXResourcesBuildPhase section */

/* Begin PBXSourcesBuildPhase section */
		26D0BFEE2FF7BEBB00982F82 /* Sources */ = {
			isa = PBXSourcesBuildPhase;
			buildActionMask = 2147483647;
			files = (
			);
			runOnlyForDeploymentPostprocessing = 0;
		};
		26D0BFFB2FF7BEBC00982F82 /* Sources */ = {
			isa = PBXSourcesBuildPhase;
			buildActionMask = 2147483647;
			files = (
			);
			runOnlyForDeploymentPostprocessing = 0;
		};
		26D0C0052FF7BEBC00982F82 /* Sources */ = {
			isa = PBXSourcesBuildPhase;
			buildActionMask = 2147483647;
			files = (
			);
			runOnlyForDeploymentPostprocessing = 0;
		};
/* End PBXSourcesBuildPhase section */

/* Begin PBXTargetDependency section */
		26D0C0012FF7BEBC00982F82 /* PBXTargetDependency */ = {
			isa = PBXTargetDependency;
			target = 26D0BFF12FF7BEBB00982F82 /* CoffeeCatalog */;
			targetProxy = 26D0C0002FF7BEBC00982F82 /* PBXContainerItemProxy */;
		};
		26D0C00B2FF7BEBC00982F82 /* PBXTargetDependency */ = {
			isa = PBXTargetDependency;
			target = 26D0BFF12FF7BEBB00982F82 /* CoffeeCatalog */;
			targetProxy = 26D0C00A2FF7BEBC00982F82 /* PBXContainerItemProxy */;
		};
/* End PBXTargetDependency section */

/* Begin XCBuildConfiguration section */
		26D0C0112FF7BEBC00982F82 /* Debug */ = {
			isa = XCBuildConfiguration;
			buildSettings = {
				ALWAYS_SEARCH_USER_PATHS = NO;
				ASSETCATALOG_COMPILER_GENERATE_SWIFT_ASSET_SYMBOL_EXTENSIONS = YES;
				CLANG_ANALYZER_NONNULL = YES;
				CLANG_ANALYZER_NUMBER_OBJECT_CONVERSION = YES_AGGRESSIVE;
				CLANG_CXX_LANGUAGE_STANDARD = "gnu++20";
				CLANG_ENABLE_MODULES = YES;
				CLANG_ENABLE_OBJC_ARC = YES;
				CLANG_ENABLE_OBJC_WEAK = YES;
				CLANG_WARN_BLOCK_CAPTURE_AUTORELEASING = YES;
				CLANG_WARN_BOOL_CONVERSION = YES;
				CLANG_WARN_COMMA = YES;
				CLANG_WARN_CONSTANT_CONVERSION = YES;
				CLANG_WARN_DEPRECATED_OBJC_IMPLEMENTATIONS = YES;
				CLANG_WARN_DIRECT_OBJC_ISA_USAGE = YES_ERROR;
				CLANG_WARN_DOCUMENTATION_COMMENTS = YES;
				CLANG_WARN_EMPTY_BODY = YES;
				CLANG_WARN_ENUM_CONVERSION = YES;
				CLANG_WARN_INFINITE_RECURSION = YES;
				CLANG_WARN_INT_CONVERSION = YES;
				CLANG_WARN_NON_LITERAL_NULL_CONVERSION = YES;
				CLANG_WARN_OBJC_IMPLICIT_RETAIN_SELF = YES;
				CLANG_WARN_OBJC_LITERAL_CONVERSION = YES;
				CLANG_WARN_OBJC_ROOT_CLASS = YES_ERROR;
				CLANG_WARN_QUOTED_INCLUDE_IN_FRAMEWORK_HEADER = YES;
				CLANG_WARN_RANGE_LOOP_ANALYSIS = YES;
				CLANG_WARN_STRICT_PROTOTYPES = YES;
				CLANG_WARN_SUSPICIOUS_MOVE = YES;
				CLANG_WARN_UNGUARDED_AVAILABILITY = YES_AGGRESSIVE;
				CLANG_WARN_UNREACHABLE_CODE = YES;
				CLANG_WARN__DUPLICATE_METHOD_MATCH = YES;
				COPY_PHASE_STRIP = NO;
				DEBUG_INFORMATION_FORMAT = dwarf;
				ENABLE_STRICT_OBJC_MSGSEND = YES;
				ENABLE_TESTABILITY = YES;
				ENABLE_USER_SCRIPT_SANDBOXING = YES;
				GCC_C_LANGUAGE_STANDARD = gnu17;
				GCC_DYNAMIC_NO_PIC = NO;
				GCC_NO_COMMON_BLOCKS = YES;
				GCC_OPTIMIZATION_LEVEL = 0;
				GCC_PREPROCESSOR_DEFINITIONS = (
					"DEBUG=1",
					"$(inherited)",
				);
				GCC_WARN_64_TO_32_BIT_CONVERSION = YES;
				GCC_WARN_ABOUT_RETURN_TYPE = YES_ERROR;
				GCC_WARN_UNDECLARED_SELECTOR = YES;
				GCC_WARN_UNINITIALIZED_AUTOS = YES_AGGRESSIVE;
				GCC_WARN_UNUSED_FUNCTION = YES;
				GCC_WARN_UNUSED_VARIABLE = YES;
				IPHONEOS_DEPLOYMENT_TARGET = 26.5;
				LOCALIZATION_PREFERS_STRING_CATALOGS = YES;
				MTL_ENABLE_DEBUG_INFO = INCLUDE_SOURCE;
				MTL_FAST_MATH = YES;
				ONLY_ACTIVE_ARCH = YES;
				SDKROOT = iphoneos;
				SWIFT_ACTIVE_COMPILATION_CONDITIONS = "DEBUG $(inherited)";
				SWIFT_OPTIMIZATION_LEVEL = "-Onone";
			};
			name = Debug;
		};
		26D0C0122FF7BEBC00982F82 /* Release */ = {
			isa = XCBuildConfiguration;
			buildSettings = {
				ALWAYS_SEARCH_USER_PATHS = NO;
				ASSETCATALOG_COMPILER_GENERATE_SWIFT_ASSET_SYMBOL_EXTENSIONS = YES;
				CLANG_ANALYZER_NONNULL = YES;
				CLANG_ANALYZER_NUMBER_OBJECT_CONVERSION = YES_AGGRESSIVE;
				CLANG_CXX_LANGUAGE_STANDARD = "gnu++20";
				CLANG_ENABLE_MODULES = YES;
				CLANG_ENABLE_OBJC_ARC = YES;
				CLANG_ENABLE_OBJC_WEAK = YES;
				CLANG_WARN_BLOCK_CAPTURE_AUTORELEASING = YES;
				CLANG_WARN_BOOL_CONVERSION = YES;
				CLANG_WARN_COMMA = YES;
				CLANG_WARN_CONSTANT_CONVERSION = YES;
				CLANG_WARN_DEPRECATED_OBJC_IMPLEMENTATIONS = YES;
				CLANG_WARN_DIRECT_OBJC_ISA_USAGE = YES_ERROR;
				CLANG_WARN_DOCUMENTATION_COMMENTS = YES;
				CLANG_WARN_EMPTY_BODY = YES;
				CLANG_WARN_ENUM_CONVERSION = YES;
				CLANG_WARN_INFINITE_RECURSION = YES;
				CLANG_WARN_INT_CONVERSION = YES;
				CLANG_WARN_NON_LITERAL_NULL_CONVERSION = YES;
				CLANG_WARN_OBJC_IMPLICIT_RETAIN_SELF = YES;
				CLANG_WARN_OBJC_LITERAL_CONVERSION = YES;
				CLANG_WARN_OBJC_ROOT_CLASS = YES_ERROR;
				CLANG_WARN_QUOTED_INCLUDE_IN_FRAMEWORK_HEADER = YES;
				CLANG_WARN_RANGE_LOOP_ANALYSIS = YES;
				CLANG_WARN_STRICT_PROTOTYPES = YES;
				CLANG_WARN_SUSPICIOUS_MOVE = YES;
				CLANG_WARN_UNGUARDED_AVAILABILITY = YES_AGGRESSIVE;
				CLANG_WARN_UNREACHABLE_CODE = YES;
				CLANG_WARN__DUPLICATE_METHOD_MATCH = YES;
				COPY_PHASE_STRIP = NO;
				DEBUG_INFORMATION_FORMAT = "dwarf-with-dsym";
				ENABLE_NS_ASSERTIONS = NO;
				ENABLE_STRICT_OBJC_MSGSEND = YES;
				ENABLE_USER_SCRIPT_SANDBOXING = YES;
				GCC_C_LANGUAGE_STANDARD = gnu17;
				GCC_NO_COMMON_BLOCKS = YES;
				GCC_WARN_64_TO_32_BIT_CONVERSION = YES;
				GCC_WARN_ABOUT_RETURN_TYPE = YES_ERROR;
				GCC_WARN_UNDECLARED_SELECTOR = YES;
				GCC_WARN_UNINITIALIZED_AUTOS = YES_AGGRESSIVE;
				GCC_WARN_UNUSED_FUNCTION = YES;
				GCC_WARN_UNUSED_VARIABLE = YES;
				IPHONEOS_DEPLOYMENT_TARGET = 26.5;
				LOCALIZATION_PREFERS_STRING_CATALOGS = YES;
				MTL_ENABLE_DEBUG_INFO = NO;
				MTL_FAST_MATH = YES;
				SDKROOT = iphoneos;
				SWIFT_COMPILATION_MODE = wholemodule;
				VALIDATE_PRODUCT = YES;
			};
			name = Release;
		};
		26D0C0142FF7BEBC00982F82 /* Debug */ = {
			isa = XCBuildConfiguration;
			buildSettings = {
				ASSETCATALOG_COMPILER_APPICON_NAME = AppIcon;
				ASSETCATALOG_COMPILER_GLOBAL_ACCENT_COLOR_NAME = AccentColor;
				CODE_SIGN_STYLE = Automatic;
				CURRENT_PROJECT_VERSION = 1;
				ENABLE_PREVIEWS = YES;
				GENERATE_INFOPLIST_FILE = YES;
				INFOPLIST_KEY_UIApplicationSceneManifest_Generation = YES;
				INFOPLIST_KEY_UIApplicationSupportsIndirectInputEvents = YES;
				INFOPLIST_KEY_UILaunchScreen_Generation = YES;
				INFOPLIST_KEY_UISupportedInterfaceOrientations_iPad = "UIInterfaceOrientationPortrait UIInterfaceOrientationPortraitUpsideDown UIInterfaceOrientationLandscapeLeft UIInterfaceOrientationLandscapeRight";
				INFOPLIST_KEY_UISupportedInterfaceOrientations_iPhone = "UIInterfaceOrientationPortrait UIInterfaceOrientationLandscapeLeft UIInterfaceOrientationLandscapeRight";
				LD_RUNPATH_SEARCH_PATHS = (
					"$(inherited)",
					"@executable_path/Frameworks",
				);
				MARKETING_VERSION = 1.0;
				PRODUCT_BUNDLE_IDENTIFIER = com.khrystyna.CoffeeCatalog;
				PRODUCT_NAME = "$(TARGET_NAME)";
				STRING_CATALOG_GENERATE_SYMBOLS = YES;
				SWIFT_APPROACHABLE_CONCURRENCY = YES;
				SWIFT_DEFAULT_ACTOR_ISOLATION = MainActor;
				SWIFT_EMIT_LOC_STRINGS = YES;
				SWIFT_UPCOMING_FEATURE_MEMBER_IMPORT_VISIBILITY = YES;
				SWIFT_VERSION = 5.0;
				TARGETED_DEVICE_FAMILY = "1,2";
			};
			name = Debug;
		};
		26D0C0152FF7BEBC00982F82 /* Release */ = {
			isa = XCBuildConfiguration;
			buildSettings = {
				ASSETCATALOG_COMPILER_APPICON_NAME = AppIcon;
				ASSETCATALOG_COMPILER_GLOBAL_ACCENT_COLOR_NAME = AccentColor;
				CODE_SIGN_STYLE = Automatic;
				CURRENT_PROJECT_VERSION = 1;
				ENABLE_PREVIEWS = YES;
				GENERATE_INFOPLIST_FILE = YES;
				INFOPLIST_KEY_UIApplicationSceneManifest_Generation = YES;
				INFOPLIST_KEY_UIApplicationSupportsIndirectInputEvents = YES;
				INFOPLIST_KEY_UILaunchScreen_Generation = YES;
				INFOPLIST_KEY_UISupportedInterfaceOrientations_iPad = "UIInterfaceOrientationPortrait UIInterfaceOrientationPortraitUpsideDown UIInterfaceOrientationLandscapeLeft UIInterfaceOrientationLandscapeRight";
				INFOPLIST_KEY_UISupportedInterfaceOrientations_iPhone = "UIInterfaceOrientationPortrait UIInterfaceOrientationLandscapeLeft UIInterfaceOrientationLandscapeRight";
				LD_RUNPATH_SEARCH_PATHS = (
					"$(inherited)",
					"@executable_path/Frameworks",
				);
				MARKETING_VERSION = 1.0;
				PRODUCT_BUNDLE_IDENTIFIER = com.khrystyna.CoffeeCatalog;
				PRODUCT_NAME = "$(TARGET_NAME)";
				STRING_CATALOG_GENERATE_SYMBOLS = YES;
				SWIFT_APPROACHABLE_CONCURRENCY = YES;
				SWIFT_DEFAULT_ACTOR_ISOLATION = MainActor;
				SWIFT_EMIT_LOC_STRINGS = YES;
				SWIFT_UPCOMING_FEATURE_MEMBER_IMPORT_VISIBILITY = YES;
				SWIFT_VERSION = 5.0;
				TARGETED_DEVICE_FAMILY = "1,2";
			};
			name = Release;
		};
		26D0C0172FF7BEBC00982F82 /* Debug */ = {
			isa = XCBuildConfiguration;
			buildSettings = {
				BUNDLE_LOADER = "$(TEST_HOST)";
				CODE_SIGN_STYLE = Automatic;
				CURRENT_PROJECT_VERSION = 1;
				GENERATE_INFOPLIST_FILE = YES;
				IPHONEOS_DEPLOYMENT_TARGET = 26.5;
				MARKETING_VERSION = 1.0;
				PRODUCT_BUNDLE_IDENTIFIER = com.khrystyna.CoffeeCatalogTests;
				PRODUCT_NAME = "$(TARGET_NAME)";
				STRING_CATALOG_GENERATE_SYMBOLS = NO;
				SWIFT_APPROACHABLE_CONCURRENCY = YES;
				SWIFT_EMIT_LOC_STRINGS = NO;
				SWIFT_UPCOMING_FEATURE_MEMBER_IMPORT_VISIBILITY = YES;
				SWIFT_VERSION = 5.0;
				TARGETED_DEVICE_FAMILY = "1,2";
				TEST_HOST = "$(BUILT_PRODUCTS_DIR)/CoffeeCatalog.app/$(BUNDLE_EXECUTABLE_FOLDER_PATH)/CoffeeCatalog";
			};
			name = Debug;
		};
		26D0C0182FF7BEBC00982F82 /* Release */ = {
			isa = XCBuildConfiguration;
			buildSettings = {
				BUNDLE_LOADER = "$(TEST_HOST)";
				CODE_SIGN_STYLE = Automatic;
				CURRENT_PROJECT_VERSION = 1;
				GENERATE_INFOPLIST_FILE = YES;
				IPHONEOS_DEPLOYMENT_TARGET = 26.5;
				MARKETING_VERSION = 1.0;
				PRODUCT_BUNDLE_IDENTIFIER = com.khrystyna.CoffeeCatalogTests;
				PRODUCT_NAME = "$(TARGET_NAME)";
				STRING_CATALOG_GENERATE_SYMBOLS = NO;
				SWIFT_APPROACHABLE_CONCURRENCY = YES;
				SWIFT_EMIT_LOC_STRINGS = NO;
				SWIFT_UPCOMING_FEATURE_MEMBER_IMPORT_VISIBILITY = YES;
				SWIFT_VERSION = 5.0;
				TARGETED_DEVICE_FAMILY = "1,2";
				TEST_HOST = "$(BUILT_PRODUCTS_DIR)/CoffeeCatalog.app/$(BUNDLE_EXECUTABLE_FOLDER_PATH)/CoffeeCatalog";
			};
			name = Release;
		};
		26D0C01A2FF7BEBC00982F82 /* Debug */ = {
			isa = XCBuildConfiguration;
			buildSettings = {
				CODE_SIGN_STYLE = Automatic;
				CURRENT_PROJECT_VERSION = 1;
				GENERATE_INFOPLIST_FILE = YES;
				MARKETING_VERSION = 1.0;
				PRODUCT_BUNDLE_IDENTIFIER = com.khrystyna.CoffeeCatalogUITests;
				PRODUCT_NAME = "$(TARGET_NAME)";
				STRING_CATALOG_GENERATE_SYMBOLS = NO;
				SWIFT_APPROACHABLE_CONCURRENCY = YES;
				SWIFT_EMIT_LOC_STRINGS = NO;
				SWIFT_UPCOMING_FEATURE_MEMBER_IMPORT_VISIBILITY = YES;
				SWIFT_VERSION = 5.0;
				TARGETED_DEVICE_FAMILY = "1,2";
				TEST_TARGET_NAME = CoffeeCatalog;
			};
			name = Debug;
		};
		26D0C01B2FF7BEBC00982F82 /* Release */ = {
			isa = XCBuildConfiguration;
			buildSettings = {
				CODE_SIGN_STYLE = Automatic;
				CURRENT_PROJECT_VERSION = 1;
				GENERATE_INFOPLIST_FILE = YES;
				MARKETING_VERSION = 1.0;
				PRODUCT_BUNDLE_IDENTIFIER = com.khrystyna.CoffeeCatalogUITests;
				PRODUCT_NAME = "$(TARGET_NAME)";
				STRING_CATALOG_GENERATE_SYMBOLS = NO;
				SWIFT_APPROACHABLE_CONCURRENCY = YES;
				SWIFT_EMIT_LOC_STRINGS = NO;
				SWIFT_UPCOMING_FEATURE_MEMBER_IMPORT_VISIBILITY = YES;
				SWIFT_VERSION = 5.0;
				TARGETED_DEVICE_FAMILY = "1,2";
				TEST_TARGET_NAME = CoffeeCatalog;
			};
			name = Release;
		};
/* End XCBuildConfiguration section */

/* Begin XCConfigurationList section */
		26D0BFED2FF7BEBB00982F82 /* Build configuration list for PBXProject "CoffeeCatalog" */ = {
			isa = XCConfigurationList;
			buildConfigurations = (
				26D0C0112FF7BEBC00982F82 /* Debug */,
				26D0C0122FF7BEBC00982F82 /* Release */,
			);
			defaultConfigurationIsVisible = 0;
			defaultConfigurationName = Release;
		};
		26D0C0132FF7BEBC00982F82 /* Build configuration list for PBXNativeTarget "CoffeeCatalog" */ = {
			isa = XCConfigurationList;
			buildConfigurations = (
				26D0C0142FF7BEBC00982F82 /* Debug */,
				26D0C0152FF7BEBC00982F82 /* Release */,
			);
			defaultConfigurationIsVisible = 0;
			defaultConfigurationName = Release;
		};
		26D0C0162FF7BEBC00982F82 /* Build configuration list for PBXNativeTarget "CoffeeCatalogTests" */ = {
			isa = XCConfigurationList;
			buildConfigurations = (
				26D0C0172FF7BEBC00982F82 /* Debug */,
				26D0C0182FF7BEBC00982F82 /* Release */,
			);
			defaultConfigurationIsVisible = 0;
			defaultConfigurationName = Release;
		};
		26D0C0192FF7BEBC00982F82 /* Build configuration list for PBXNativeTarget "CoffeeCatalogUITests" */ = {
			isa = XCConfigurationList;
			buildConfigurations = (
				26D0C01A2FF7BEBC00982F82 /* Debug */,
				26D0C01B2FF7BEBC00982F82 /* Release */,
			);
			defaultConfigurationIsVisible = 0;
			defaultConfigurationName = Release;
		};
/* End XCConfigurationList section */
	};
	rootObject = 26D0BFEA2FF7BEBB00982F82 /* Project object */;
}
